// !$*UTF8*$!
{
	archiveVersion = 1;
	classes = {
	};
	objectVersion = 56;
	objects = {

/* Begin PBXBuildFile section */
		54D17F95CCAB7B73DD484642 /* Pods_GIFSelection.framework in Frameworks */ = {isa = PBXBuildFile; fileRef = 0E455020A8876E9E68444631 /* Pods_GIFSelection.framework */; };
		E6BC7EF42ABC52A9000EA51A /* AppDelegate.swift in Sources */ = {isa = PBXBuildFile; fileRef = E6BC7EF32ABC52A9000EA51A /* AppDelegate.swift */; };
		E6BC7EF62ABC52A9000EA51A /* SceneDelegate.swift in Sources */ = {isa = PBXBuildFile; fileRef = E6BC7EF52ABC52A9000EA51A /* SceneDelegate.swift */; };
		E6BC7EF82ABC52A9000EA51A /* ViewController.swift in Sources */ = {isa = PBXBuildFile; fileRef = E6BC7EF72ABC52A9000EA51A /* ViewController.swift */; };
		E6BC7EFB2ABC52A9000EA51A /* Main.storyboard in Resources */ = {isa = PBXBuildFile; fileRef = E6BC7EF92ABC52A9000EA51A /* Main.storyboard */; };
		E6BC7EFD2ABC52AB000EA51A /* Assets.xcassets in Resources */ = {isa = PBXBuildFile; fileRef = E6BC7EFC2ABC52AB000EA51A /* Assets.xcassets */; };
		E6BC7F002ABC52AB000EA51A /* LaunchScreen.storyboard in Resources */ = {isa = PBXBuildFile; fileRef = E6BC7EFE2ABC52AB000EA51A /* LaunchScreen.storyboard */; };
		E6BC7F082ABC80B0000EA51A /* SecondViewController.swift in Sources */ = {isa = PBXBuildFile; fileRef = E6BC7F072ABC80B0000EA51A /* SecondViewController.swift */; };
		E6BC7F0A2ABC80EF000EA51A /* TabBarViewController.swift in Sources */ = {isa = PBXBuildFile; fileRef = E6BC7F092ABC80EF000EA51A /* TabBarViewController.swift */; };
		E6BC7F0C2ABDD1DA000EA51A /* GlobalView.swift in Sources */ = {isa = PBXBuildFile; fileRef = E6BC7F0B2ABDD1DA000EA51A /* GlobalView.swift */; };
		E6BC7F0E2ABDD718000EA51A /* ServiceClass.swift in Sources */ = {isa = PBXBuildFile; fileRef = E6BC7F0D2ABDD718000EA51A /* ServiceClass.swift */; };
		E6BC7F102ABDDB5C000EA51A /* TrendingModel.swift in Sources */ = {isa = PBXBuildFile; fileRef = E6BC7F0F2ABDDB5C000EA51A /* TrendingModel.swift */; };
		E6BC7F122ABE4178000EA51A /* Extension.swift in Sources */ = {isa = PBXBuildFile; fileRef = E6BC7F112ABE4178000EA51A /* Extension.swift */; };
		E6BC7F142ABF794E000EA51A /* GIFSwift.swift in Sources */ = {isa = PBXBuildFile; fileRef = E6BC7F132ABF794E000EA51A /* GIFSwift.swift */; };
		E6BC7F162AC044F8000EA51A /* UserDefault.swift in Sources */ = {isa = PBXBuildFile; fileRef = E6BC7F152AC044F8000EA51A /* UserDefault.swift */; };
/* End PBXBuildFile section */

/* Begin PBXFileReference section */
		0E455020A8876E9E68444631 /* Pods_GIFSelection.framework */ = {isa = PBXFileReference; explicitFileType = wrapper.framework; includeInIndex = 0; path = Pods_GIFSelection.framework; sourceTree = BUILT_PRODUCTS_DIR; };
		E6BC7EF02ABC52A9000EA51A /* GIFSelection.app */ = {isa = PBXFileReference; explicitFileType = wrapper.application; includeInIndex = 0; path = GIFSelection.app; sourceTree = BUILT_PRODUCTS_DIR; };
		E6BC7EF32ABC52A9000EA51A /* AppDelegate.swift */ = {isa = PBXFileReference; lastKnownFileType = sourcecode.swift; path = AppDelegate.swift; sourceTree = "<group>"; };
		E6BC7EF52ABC52A9000EA51A /* SceneDelegate.swift */ = {isa = PBXFileReference; lastKnownFileType = sourcecode.swift; path = SceneDelegate.swift; sourceTree = "<group>"; };
		E6BC7EF72ABC52A9000EA51A /* ViewController.swift */ = {isa = PBXFileReference; lastKnownFileType = sourcecode.swift; path = ViewController.swift; sourceTree = "<group>"; };
		E6BC7EFA2ABC52A9000EA51A /* Base */ = {isa = PBXFileReference; lastKnownFileType = file.storyboard; name = Base; path = Base.lproj/Main.storyboard; sourceTree = "<group>"; };
		E6BC7EFC2ABC52AB000EA51A /* Assets.xcassets */ = {isa = PBXFileReference; lastKnownFileType = folder.assetcatalog; path = Assets.xcassets; sourceTree = "<group>"; };
		E6BC7EFF2ABC52AB000EA51A /* Base */ = {isa = PBXFileReference; lastKnownFileType = file.storyboard; name = Base; path = Base.lproj/LaunchScreen.storyboard; sourceTree = "<group>"; };
		E6BC7F012ABC52AB000EA51A /* Info.plist */ = {isa = PBXFileReference; lastKnownFileType = text.plist.xml; path = Info.plist; sourceTree = "<group>"; };
		E6BC7F072ABC80B0000EA51A /* SecondViewController.swift */ = {isa = PBXFileReference; lastKnownFileType = sourcecode.swift; path = SecondViewController.swift; sourceTree = "<group>"; };
		E6BC7F092ABC80EF000EA51A /* TabBarViewController.swift */ = {isa = PBXFileReference; lastKnownFileType = sourcecode.swift; path = TabBarViewController.swift; sourceTree = "<group>"; };
		E6BC7F0B2ABDD1DA000EA51A /* GlobalView.swift */ = {isa = PBXFileReference; lastKnownFileType = sourcecode.swift; path = GlobalView.swift; sourceTree = "<group>"; };
		E6BC7F0D2ABDD718000EA51A /* ServiceClass.swift */ = {isa = PBXFileReference; lastKnownFileType = sourcecode.swift; path = ServiceClass.swift; sourceTree = "<group>"; };
		E6BC7F0F2ABDDB5C000EA51A /* TrendingModel.swift */ = {isa = PBXFileReference; lastKnownFileType = sourcecode.swift; path = TrendingModel.swift; sourceTree = "<group>"; };
		E6BC7F112ABE4178000EA51A /* Extension.swift */ = {isa = PBXFileReference; lastKnownFileType = sourcecode.swift; path = Extension.swift; sourceTree = "<group>"; };
		E6BC7F132ABF794E000EA51A /* GIFSwift.swift */ = {isa = PBXFileReference; lastKnownFileType = sourcecode.swift; path = GIFSwift.swift; sourceTree = "<group>"; };
		E6BC7F152AC044F8000EA51A /* UserDefault.swift */ = {isa = PBXFileReference; lastKnownFileType = sourcecode.swift; path = UserDefault.swift; sourceTree = "<group>"; };
		F111308E35D8BA5BFDE8502D /* Pods-GIFSelection.debug.xcconfig */ = {isa = PBXFileReference; includeInIndex = 1; lastKnownFileType = text.xcconfig; name = "Pods-GIFSelection.debug.xcconfig"; path = "Target Support Files/Pods-GIFSelection/Pods-GIFSelection.debug.xcconfig"; sourceTree = "<group>"; };
		F8F266323D05218D68172E8C /* Pods-GIFSelection.release.xcconfig */ = {isa = PBXFileReference; includeInIndex = 1; lastKnownFileType = text.xcconfig; name = "Pods-GIFSelection.release.xcconfig"; path = "Target Support Files/Pods-GIFSelection/Pods-GIFSelection.release.xcconfig"; sourceTree = "<group>"; };
/* End PBXFileReference section */

/* Begin PBXFrameworksBuildPhase section */
		E6BC7EED2ABC52A9000EA51A /* Frameworks */ = {
			isa = PBXFrameworksBuildPhase;
			buildActionMask = 2147483647;
			files = (
				54D17F95CCAB7B73DD484642 /* Pods_GIFSelection.framework in Frameworks */,
			);
			runOnlyForDeploymentPostprocessing = 0;
		};
/* End PBXFrameworksBuildPhase section */

/* Begin PBXGroup section */
		370148A85F329ED8BAE75108 /* Frameworks */ = {
			isa = PBXGroup;
			children = (
				0E455020A8876E9E68444631 /* Pods_GIFSelection.framework */,
			);
			name = Frameworks;
			sourceTree = "<group>";
		};
		A351D8BB26299F6EBCAC24E7 /* Pods */ = {
			isa = PBXGroup;
			children = (
				F111308E35D8BA5BFDE8502D /* Pods-GIFSelection.debug.xcconfig */,
				F8F266323D05218D68172E8C /* Pods-GIFSelection.release.xcconfig */,
			);
			path = Pods;
			sourceTree = "<group>";
		};
		E6BC7EE72ABC52A9000EA51A = {
			isa = PBXGroup;
			children = (
				E6BC7EF22ABC52A9000EA51A /* GIFSelection */,
				E6BC7EF12ABC52A9000EA51A /* Products */,
				A351D8BB26299F6EBCAC24E7 /* Pods */,
				370148A85F329ED8BAE75108 /* Frameworks */,
			);
			sourceTree = "<group>";
		};
		E6BC7EF12ABC52A9000EA51A /* Products */ = {
			isa = PBXGroup;
			children = (
				E6BC7EF02ABC52A9000EA51A /* GIFSelection.app */,
			);
			name = Products;
			sourceTree = "<group>";
		};
		E6BC7EF22ABC52A9000EA51A /* GIFSelection */ = {
			isa = PBXGroup;
			children = (
				E6BC7EF32ABC52A9000EA51A /* AppDelegate.swift */,
				E6BC7EF52ABC52A9000EA51A /* SceneDelegate.swift */,
				E6BC7EF72ABC52A9000EA51A /* ViewController.swift */,
				E6BC7F132ABF794E000EA51A /* GIFSwift.swift */,
				E6BC7F0F2ABDDB5C000EA51A /* TrendingModel.swift */,
				E6BC7F0D2ABDD718000EA51A /* ServiceClass.swift */,
				E6BC7F092ABC80EF000EA51A /* TabBarViewController.swift */,
				E6BC7F072ABC80B0000EA51A /* SecondViewController.swift */,
				E6BC7F0B2ABDD1DA000EA51A /* GlobalView.swift */,
				E6BC7F112ABE4178000EA51A /* Extension.swift */,
				E6BC7F152AC044F8000EA51A /* UserDefault.swift */,
				E6BC7EF92ABC52A9000EA51A /* Main.storyboard */,
				E6BC7EFC2ABC52AB000EA51A /* Assets.xcassets */,
				E6BC7EFE2ABC52AB000EA51A /* LaunchScreen.storyboard */,
				E6BC7F012ABC52AB000EA51A /* Info.plist */,
			);
			path = GIFSelection;
			sourceTree = "<group>";
		};
/* End PBXGroup section */

/* Begin PBXNativeTarget section */
		E6BC7EEF2ABC52A9000EA51A /* GIFSelection */ = {
			isa = PBXNativeTarget;
			buildConfigurationList = E6BC7F042ABC52AB000EA51A /* Build configuration list for PBXNativeTarget "GIFSelection" */;
			buildPhases = (
				3A6D65B66BB6337E2EBF44C1 /* [CP] Check Pods Manifest.lock */,
				E6BC7EEC2ABC52A9000EA51A /* Sources */,
				E6BC7EED2ABC52A9000EA51A /* Frameworks */,
				E6BC7EEE2ABC52A9000EA51A /* Resources */,
				A5D55CC75ADA81649C053361 /* [CP] Embed Pods Frameworks */,
			);
			buildRules = (
			);
			dependencies = (
			);
			name = GIFSelection;
			productName = GIFSelection;
			productReference = E6BC7EF02ABC52A9000EA51A /* GIFSelection.app */;
			productType = "com.apple.product-type.application";
		};
/* End PBXNativeTarget section */

/* Begin PBXProject section */
		E6BC7EE82ABC52A9000EA51A /* Project object */ = {
			isa = PBXProject;
			attributes = {
				BuildIndependentTargetsInParallel = 1;
				LastSwiftUpdateCheck = 1430;
				LastUpgradeCheck = 1430;
				TargetAttributes = {
					E6BC7EEF2ABC52A9000EA51A = {
						CreatedOnToolsVersion = 14.3.1;
					};
				};
			};
			buildConfigurationList = E6BC7EEB2ABC52A9000EA51A /* Build configuration list for PBXProject "GIFSelection" */;
			compatibilityVersion = "Xcode 14.0";
			developmentRegion = en;
			hasScannedForEncodings = 0;
			knownRegions = (
				en,
				Base,
			);
			mainGroup = E6BC7EE72ABC52A9000EA51A;
			productRefGroup = E6BC7EF12ABC52A9000EA51A /* Products */;
			projectDirPath = "";
			projectRoot = "";
			targets = (
				E6BC7EEF2ABC52A9000EA51A /* GIFSelection */,
			);
		};
/* End PBXProject section */

/* Begin PBXResourcesBuildPhase section */
		E6BC7EEE2ABC52A9000EA51A /* Resources */ = {
			isa = PBXResourcesBuildPhase;
			buildActionMask = 2147483647;
			files = (
				E6BC7F002ABC52AB000EA51A /* LaunchScreen.storyboard in Resources */,
				E6BC7EFD2ABC52AB000EA51A /* Assets.xcassets in Resources */,
				E6BC7EFB2ABC52A9000EA51A /* Main.storyboard in Resources */,
			);
			runOnlyForDeploymentPostprocessing = 0;
		};
/* End PBXResourcesBuildPhase section */

/* Begin PBXShellScriptBuildPhase section */
		3A6D65B66BB6337E2EBF44C1 /* [CP] Check Pods Manifest.lock */ = {
			isa = PBXShellScriptBuildPhase;
			buildActionMask = 2147483647;
			files = (
			);
			inputFileListPaths = (
			);
			inputPaths = (
				"${PODS_PODFILE_DIR_PATH}/Podfile.lock",
				"${PODS_ROOT}/Manifest.lock",
			);
			name = "[CP] Check Pods Manifest.lock";
			outputFileListPaths = (
			);
			outputPaths = (
				"$(DERIVED_FILE_DIR)/Pods-GIFSelection-checkManifestLockResult.txt",
			);
			runOnlyForDeploymentPostprocessing = 0;
			shellPath = /bin/sh;
			shellScript = "diff \"${PODS_PODFILE_DIR_PATH}/Podfile.lock\" \"${PODS_ROOT}/Manifest.lock\" > /dev/null\nif [ $? != 0 ] ; then\n    # print error to STDERR\n    echo \"error: The sandbox is not in sync with the Podfile.lock. Run 'pod install' or update your CocoaPods installation.\" >&2\n    exit 1\nfi\n# This output is used by Xcode 'outputs' to avoid re-running this script phase.\necho \"SUCCESS\" > \"${SCRIPT_OUTPUT_FILE_0}\"\n";
			showEnvVarsInLog = 0;
		};
		A5D55CC75ADA81649C053361 /* [CP] Embed Pods Frameworks */ = {
			isa = PBXShellScriptBuildPhase;
			buildActionMask = 2147483647;
			files = (
			);
			inputFileListPaths = (
				"${PODS_ROOT}/Target Support Files/Pods-GIFSelection/Pods-GIFSelection-frameworks-${CONFIGURATION}-input-files.xcfilelist",
			);
			name = "[CP] Embed Pods Frameworks";
			outputFileListPaths = (
				"${PODS_ROOT}/Target Support Files/Pods-GIFSelection/Pods-GIFSelection-frameworks-${CONFIGURATION}-output-files.xcfilelist",
			);
			runOnlyForDeploymentPostprocessing = 0;
			shellPath = /bin/sh;
			shellScript = "\"${PODS_ROOT}/Target Support Files/Pods-GIFSelection/Pods-GIFSelection-frameworks.sh\"\n";
			showEnvVarsInLog = 0;
		};
/* End PBXShellScriptBuildPhase section */

/* Begin PBXSourcesBuildPhase section */
		E6BC7EEC2ABC52A9000EA51A /* Sources */ = {
			isa = PBXSourcesBuildPhase;
			buildActionMask = 2147483647;
			files = (
				E6BC7F122ABE4178000EA51A /* Extension.swift in Sources */,
				E6BC7F082ABC80B0000EA51A /* SecondViewController.swift in Sources */,
				E6BC7EF82ABC52A9000EA51A /* ViewController.swift in Sources */,
				E6BC7F162AC044F8000EA51A /* UserDefault.swift in Sources */,
				E6BC7F102ABDDB5C000EA51A /* TrendingModel.swift in Sources */,
				E6BC7EF42ABC52A9000EA51A /* AppDelegate.swift in Sources */,
				E6BC7F0E2ABDD718000EA51A /* ServiceClass.swift in Sources */,
				E6BC7F142ABF794E000EA51A /* GIFSwift.swift in Sources */,
				E6BC7F0C2ABDD1DA000EA51A /* GlobalView.swift in Sources */,
				E6BC7F0A2ABC80EF000EA51A /* TabBarViewController.swift in Sources */,
				E6BC7EF62ABC52A9000EA51A /* SceneDelegate.swift in Sources */,
			);
			runOnlyForDeploymentPostprocessing = 0;
		};
/* End PBXSourcesBuildPhase section */

/* Begin PBXVariantGroup section */
		E6BC7EF92ABC52A9000EA51A /* Main.storyboard */ = {
			isa = PBXVariantGroup;
			children = (
				E6BC7EFA2ABC52A9000EA51A /* Base */,
			);
			name = Main.storyboard;
			sourceTree = "<group>";
		};
		E6BC7EFE2ABC52AB000EA51A /* LaunchScreen.storyboard */ = {
			isa = PBXVariantGroup;
			children = (
				E6BC7EFF2ABC52AB000EA51A /* Base */,
			);
			name = LaunchScreen.storyboard;
			sourceTree = "<group>";
		};
/* End PBXVariantGroup section */

/* Begin XCBuildConfiguration section */
		E6BC7F022ABC52AB000EA51A /* Debug */ = {
			isa = XCBuildConfiguration;
			buildSettings = {
				ALWAYS_SEARCH_USER_PATHS = NO;
				CLANG_ANALYZER_NONNULL = YES;
				CLANG_ANALYZER_NUMBER_OBJECT_CONVERSION = YES_AGGRESSIVE;
				CLANG_CXX_LANGUAGE_STANDARD = "gnu++20";
				CLANG_ENABLE_MODULES = YES;
				CLANG_ENABLE_OBJC_ARC = YES;
				CLANG_ENABLE_OBJC_WEAK = YES;
				CLANG_WARN_BLOCK_CAPTURE_AUTORELEASING = YES;
				CLANG_WARN_BOOL_CONVERSION = YES;
				CLANG_WARN_COMMA = YES;
				CLANG_WARN_CONSTANT_CONVERSION = YES;
				CLANG_WARN_DEPRECATED_OBJC_IMPLEMENTATIONS = YES;
				CLANG_WARN_DIRECT_OBJC_ISA_USAGE = YES_ERROR;
				CLANG_WARN_DOCUMENTATION_COMMENTS = YES;
				CLANG_WARN_EMPTY_BODY = YES;
				CLANG_WARN_ENUM_CONVERSION = YES;
				CLANG_WARN_INFINITE_RECURSION = YES;
				CLANG_WARN_INT_CONVERSION = YES;
				CLANG_WARN_NON_LITERAL_NULL_CONVERSION = YES;
				CLANG_WARN_OBJC_IMPLICIT_RETAIN_SELF = YES;
				CLANG_WARN_OBJC_LITERAL_CONVERSION = YES;
				CLANG_WARN_OBJC_ROOT_CLASS = YES_ERROR;
				CLANG_WARN_QUOTED_INCLUDE_IN_FRAMEWORK_HEADER = YES;
				CLANG_WARN_RANGE_LOOP_ANALYSIS = YES;
				CLANG_WARN_STRICT_PROTOTYPES = YES;
				CLANG_WARN_SUSPICIOUS_MOVE = YES;
				CLANG_WARN_UNGUARDED_AVAILABILITY = YES_AGGRESSIVE;
				CLANG_WARN_UNREACHABLE_CODE = YES;
				CLANG_WARN__DUPLICATE_METHOD_MATCH = YES;
				COPY_PHASE_STRIP = NO;
				DEBUG_INFORMATION_FORMAT = dwarf;
				ENABLE_STRICT_OBJC_MSGSEND = YES;
				ENABLE_TESTABILITY = YES;
				"EXCLUDED_ARCHS[sdk=*]" = arm64;
				GCC_C_LANGUAGE_STANDARD = gnu11;
				GCC_DYNAMIC_NO_PIC = NO;
				GCC_NO_COMMON_BLOCKS = YES;
				GCC_OPTIMIZATION_LEVEL = 0;
				GCC_PREPROCESSOR_DEFINITIONS = (
					"DEBUG=1",
					"$(inherited)",
				);
				GCC_WARN_64_TO_32_BIT_CONVERSION = YES;
				GCC_WARN_ABOUT_RETURN_TYPE = YES_ERROR;
				GCC_WARN_UNDECLARED_SELECTOR = YES;
				GCC_WARN_UNINITIALIZED_AUTOS = YES_AGGRESSIVE;
				GCC_WARN_UNUSED_FUNCTION = YES;
				GCC_WARN_UNUSED_VARIABLE = YES;
				IPHONEOS_DEPLOYMENT_TARGET = 16.4;
				MTL_ENABLE_DEBUG_INFO = INCLUDE_SOURCE;
				MTL_FAST_MATH = YES;
				ONLY_ACTIVE_ARCH = YES;
				SDKROOT = iphoneos;
				SWIFT_ACTIVE_COMPILATION_CONDITIONS = DEBUG;
				SWIFT_OPTIMIZATION_LEVEL = "-Onone";
			};
			name = Debug;
		};
		E6BC7F032ABC52AB000EA51A /* Release */ = {
			isa = XCBuildConfiguration;
			buildSettings = {
				ALWAYS_SEARCH_USER_PATHS = NO;
				CLANG_ANALYZER_NONNULL = YES;
				CLANG_ANALYZER_NUMBER_OBJECT_CONVERSION = YES_AGGRESSIVE;
				CLANG_CXX_LANGUAGE_STANDARD = "gnu++20";
				CLANG_ENABLE_MODULES = YES;
				CLANG_ENABLE_OBJC_ARC = YES;
				CLANG_ENABLE_OBJC_WEAK = YES;
				CLANG_WARN_BLOCK_CAPTURE_AUTORELEASING = YES;
				CLANG_WARN_BOOL_CONVERSION = YES;
				CLANG_WARN_COMMA = YES;
				CLANG_WARN_CONSTANT_CONVERSION = YES;
				CLANG_WARN_DEPRECATED_OBJC_IMPLEMENTATIONS = YES;
				CLANG_WARN_DIRECT_OBJC_ISA_USAGE = YES_ERROR;
				CLANG_WARN_DOCUMENTATION_COMMENTS = YES;
				CLANG_WARN_EMPTY_BODY = YES;
				CLANG_WARN_ENUM_CONVERSION = YES;
				CLANG_WARN_INFINITE_RECURSION = YES;
				CLANG_WARN_INT_CONVERSION = YES;
				CLANG_WARN_NON_LITERAL_NULL_CONVERSION = YES;
				CLANG_WARN_OBJC_IMPLICIT_RETAIN_SELF = YES;
				CLANG_WARN_OBJC_LITERAL_CONVERSION = YES;
				CLANG_WARN_OBJC_ROOT_CLASS = YES_ERROR;
				CLANG_WARN_QUOTED_INCLUDE_IN_FRAMEWORK_HEADER = YES;
				CLANG_WARN_RANGE_LOOP_ANALYSIS = YES;
				CLANG_WARN_STRICT_PROTOTYPES = YES;
				CLANG_WARN_SUSPICIOUS_MOVE = YES;
				CLANG_WARN_UNGUARDED_AVAILABILITY = YES_AGGRESSIVE;
				CLANG_WARN_UNREACHABLE_CODE = YES;
				CLANG_WARN__DUPLICATE_METHOD_MATCH = YES;
				COPY_PHASE_STRIP = NO;
				DEBUG_INFORMATION_FORMAT = "dwarf-with-dsym";
				ENABLE_NS_ASSERTIONS = NO;
				ENABLE_STRICT_OBJC_MSGSEND = YES;
				GCC_C_LANGUAGE_STANDARD = gnu11;
				GCC_NO_COMMON_BLOCKS = YES;
				GCC_WARN_64_TO_32_BIT_CONVERSION = YES;
				GCC_WARN_ABOUT_RETURN_TYPE = YES_ERROR;
				GCC_WARN_UNDECLARED_SELECTOR = YES;
				GCC_WARN_UNINITIALIZED_AUTOS = YES_AGGRESSIVE;
				GCC_WARN_UNUSED_FUNCTION = YES;
				GCC_WARN_UNUSED_VARIABLE = YES;
				IPHONEOS_DEPLOYMENT_TARGET = 16.4;
				MTL_ENABLE_DEBUG_INFO = NO;
				MTL_FAST_MATH = YES;
				SDKROOT = iphoneos;
				SWIFT_COMPILATION_MODE = wholemodule;
				SWIFT_OPTIMIZATION_LEVEL = "-O";
				VALIDATE_PRODUCT = YES;
			};
			name = Release;
		};
		E6BC7F052ABC52AB000EA51A /* Debug */ = {
			isa = XCBuildConfiguration;
			baseConfigurationReference = F111308E35D8BA5BFDE8502D /* Pods-GIFSelection.debug.xcconfig */;
			buildSettings = {
				ASSETCATALOG_COMPILER_APPICON_NAME = AppIcon;
				ASSETCATALOG_COMPILER_GLOBAL_ACCENT_COLOR_NAME = AccentColor;
				CODE_SIGN_STYLE = Automatic;
				CURRENT_PROJECT_VERSION = 1;
				GENERATE_INFOPLIST_FILE = YES;
				INFOPLIST_FILE = GIFSelection/Info.plist;
				INFOPLIST_KEY_UIApplicationSupportsIndirectInputEvents = YES;
				INFOPLIST_KEY_UILaunchStoryboardName = LaunchScreen;
				INFOPLIST_KEY_UIMainStoryboardFile = Main;
				INFOPLIST_KEY_UISupportedInterfaceOrientations_iPad = "UIInterfaceOrientationPortrait UIInterfaceOrientationPortraitUpsideDown UIInterfaceOrientationLandscapeLeft UIInterfaceOrientationLandscapeRight";
				INFOPLIST_KEY_UISupportedInterfaceOrientations_iPhone = "UIInterfaceOrientationPortrait UIInterfaceOrientationLandscapeLeft UIInterfaceOrientationLandscapeRight";
				LD_RUNPATH_SEARCH_PATHS = (
					"$(inherited)",
					"@executable_path/Frameworks",
				);
				MARKETING_VERSION = 1.0;
				PRODUCT_BUNDLE_IDENTIFIER = Testing.GIFSelection;
				PRODUCT_NAME = "$(TARGET_NAME)";
				SWIFT_EMIT_LOC_STRINGS = YES;
				SWIFT_VERSION = 5.0;
				TARGETED_DEVICE_FAMILY = "1,2";
			};
			name = Debug;
		};
		E6BC7F062ABC52AB000EA51A /* Release */ = {
			isa = XCBuildConfiguration;
			baseConfigurationReference = F8F266323D05218D68172E8C /* Pods-GIFSelection.release.xcconfig */;
			buildSettings = {
				ASSETCATALOG_COMPILER_APPICON_NAME = AppIcon;
				ASSETCATALOG_COMPILER_GLOBAL_ACCENT_COLOR_NAME = AccentColor;
				CODE_SIGN_STYLE = Automatic;
				CURRENT_PROJECT_VERSION = 1;
				GENERATE_INFOPLIST_FILE = YES;
				INFOPLIST_FILE = GIFSelection/Info.plist;
				INFOPLIST_KEY_UIApplicationSupportsIndirectInputEvents = YES;
				INFOPLIST_KEY_UILaunchStoryboardName = LaunchScreen;
				INFOPLIST_KEY_UIMainStoryboardFile = Main;
				INFOPLIST_KEY_UISupportedInterfaceOrientations_iPad = "UIInterfaceOrientationPortrait UIInterfaceOrientationPortraitUpsideDown UIInterfaceOrientationLandscapeLeft UIInterfaceOrientationLandscapeRight";
				INFOPLIST_KEY_UISupportedInterfaceOrientations_iPhone = "UIInterfaceOrientationPortrait UIInterfaceOrientationLandscapeLeft UIInterfaceOrientationLandscapeRight";
				LD_RUNPATH_SEARCH_PATHS = (
					"$(inherited)",
					"@executable_path/Frameworks",
				);
				MARKETING_VERSION = 1.0;
				PRODUCT_BUNDLE_IDENTIFIER = Testing.GIFSelection;
				PRODUCT_NAME = "$(TARGET_NAME)";
				SWIFT_EMIT_LOC_STRINGS = YES;
				SWIFT_VERSION = 5.0;
				TARGETED_DEVICE_FAMILY = "1,2";
			};
			name = Release;
		};
/* End XCBuildConfiguration section */

/* Begin XCConfigurationList section */
		E6BC7EEB2ABC52A9000EA51A /* Build configuration list for PBXProject "GIFSelection" */ = {
			isa = XCConfigurationList;
			buildConfigurations = (
				E6BC7F022ABC52AB000EA51A /* Debug */,
				E6BC7F032ABC52AB000EA51A /* Release */,
			);
			defaultConfigurationIsVisible = 0;
			defaultConfigurationName = Release;
		};
		E6BC7F042ABC52AB000EA51A /* Build configuration list for PBXNativeTarget "GIFSelection" */ = {
			isa = XCConfigurationList;
			buildConfigurations = (
				E6BC7F052ABC52AB000EA51A /* Debug */,
				E6BC7F062ABC52AB000EA51A /* Release */,
			);
			defaultConfigurationIsVisible = 0;
			defaultConfigurationName = Release;
		};
/* End XCConfigurationList section */
	};
	rootObject = E6BC7EE82ABC52A9000EA51A /* Project object */;
}
